
Microsoft Visual Studio Solution File, Format Version 12.00
# Visual Studio 2013
VisualStudioVersion = 12.0.21005.1
MinimumVisualStudioVersion = 10.0.40219.1
Project("{FAE04EC0-301F-11D3-BF4B-00C04F79EFBC}") = "ScreenLock", "ScreenLock\ScreenLock.csproj", "{9ACD5E30-C80E-48D0-A5FC-362030F72D2B}"
EndProject
Project("{6141683F-8A12-4E36-9623-2EB02B2C2303}") = "Screen Locker", "Screen Locker\Screen Locker.isproj", "{3E8EEFD5-5C0F-4662-AA17-9FA13A74F9A5}"
	ProjectSection(ProjectDependencies) = postProject
		{9ACD5E30-C80E-48D0-A5FC-362030F72D2B} = {9ACD5E30-C80E-48D0-A5FC-362030F72D2B}
	EndProjectSection
EndProject
Global
	GlobalSection(SolutionConfigurationPlatforms) = preSolution
		CD_ROM|Any CPU = CD_ROM|Any CPU
		Debug|Any CPU = Debug|Any CPU
		DVD-5|Any CPU = DVD-5|Any CPU
		Release|Any CPU = Release|Any CPU
		SingleImage|Any CPU = SingleImage|Any CPU
	EndGlobalSection
	GlobalSection(ProjectConfigurationPlatforms) = postSolution
		{9ACD5E30-C80E-48D0-A5FC-362030F72D2B}.CD_ROM|Any CPU.ActiveCfg = Release|Any CPU
		{9ACD5E30-C80E-48D0-A5FC-362030F72D2B}.CD_ROM|Any CPU.Build.0 = Release|Any CPU
		{9ACD5E30-C80E-48D0-A5FC-362030F72D2B}.Debug|Any CPU.ActiveCfg = Debug|Any CPU
		{9ACD5E30-C80E-48D0-A5FC-362030F72D2B}.Debug|Any CPU.Build.0 = Debug|Any CPU
		{9ACD5E30-C80E-48D0-A5FC-362030F72D2B}.DVD-5|Any CPU.ActiveCfg = Debug|Any CPU
		{9ACD5E30-C80E-48D0-A5FC-362030F72D2B}.DVD-5|Any CPU.Build.0 = Debug|Any CPU
		{9ACD5E30-C80E-48D0-A5FC-362030F72D2B}.Release|Any CPU.ActiveCfg = Release|Any CPU
		{9ACD5E30-C80E-48D0-A5FC-362030F72D2B}.Release|Any CPU.Build.0 = Release|Any CPU
		{9ACD5E30-C80E-48D0-A5FC-362030F72D2B}.SingleImage|Any CPU.ActiveCfg = Release|Any CPU
		{9ACD5E30-C80E-48D0-A5FC-362030F72D2B}.SingleImage|Any CPU.Build.0 = Release|Any CPU
		{3E8EEFD5-5C0F-4662-AA17-9FA13A74F9A5}.CD_ROM|Any CPU.ActiveCfg = CD_ROM
		{3E8EEFD5-5C0F-4662-AA17-9FA13A74F9A5}.CD_ROM|Any CPU.Build.0 = CD_ROM
		{3E8EEFD5-5C0F-4662-AA17-9FA13A74F9A5}.Debug|Any CPU.ActiveCfg = DVD-5
		{3E8EEFD5-5C0F-4662-AA17-9FA13A74F9A5}.Debug|Any CPU.Build.0 = DVD-5
		{3E8EEFD5-5C0F-4662-AA17-9FA13A74F9A5}.DVD-5|Any CPU.ActiveCfg = DVD-5
		{3E8EEFD5-5C0F-4662-AA17-9FA13A74F9A5}.DVD-5|Any CPU.Build.0 = DVD-5
		{3E8EEFD5-5C0F-4662-AA17-9FA13A74F9A5}.Release|Any CPU.ActiveCfg = SingleImage
		{3E8EEFD5-5C0F-4662-AA17-9FA13A74F9A5}.Release|Any CPU.Build.0 = SingleImage
		{3E8EEFD5-5C0F-4662-AA17-9FA13A74F9A5}.SingleImage|Any CPU.ActiveCfg = SingleImage
		{3E8EEFD5-5C0F-4662-AA17-9FA13A74F9A5}.SingleImage|Any CPU.Build.0 = SingleImage
	EndGlobalSection
	GlobalSection(SolutionProperties) = preSolution
		HideSolutionNode = FALSE
	EndGlobalSection
EndGlobal
